
Microsoft Visual Studio Solution File, Format Version 12.00
# Visual Studio Version 17
VisualStudioVersion = 17.12.35728.132
MinimumVisualStudioVersion = 10.0.40219.1
Project("{FAE04EC0-301F-11D3-BF4B-00C04F79EFBC}") = "Konu04Operatorler", "Konu04Operatorler\Konu04Operatorler.csproj", "{D39A2C82-C079-4421-9693-C3267A7668ED}"
EndProject
Project("{FAE04EC0-301F-11D3-BF4B-00C04F79EFBC}") = "Konu05KosulYapilari", "Konu05KosulYapilari\Konu05KosulYapilari.csproj", "{067012C3-4A14-4866-9280-B5BB01456A2E}"
EndProject
Project("{FAE04EC0-301F-11D3-BF4B-00C04F79EFBC}") = "Konu06Donguler", "Konu06Donguler\Konu06Donguler.csproj", "{694267BF-8A11-47A3-8815-1EF99065EA7C}"
EndProject
Project("{FAE04EC0-301F-11D3-BF4B-00C04F79EFBC}") = "Konu06DonguOrnekleri", "Konu06DonguOrnekleri\Konu06DonguOrnekleri.csproj", "{642C8DCF-D6AC-4B1B-A851-ECC3545D8E36}"
EndProject
Project("{FAE04EC0-301F-11D3-BF4B-00C04F79EFBC}") = "Konu07Diziler", "Konu07Diziler\Konu07Diziler.csproj", "{9C45A8D9-0094-45EA-BAF0-BA2A3E709B68}"
EndProject
Project("{FAE04EC0-301F-11D3-BF4B-00C04F79EFBC}") = "Konu08ForeachDongusu", "Konu08ForeachDongusu\Konu08ForeachDongusu.csproj", "{0705ADB1-DCAE-4C35-A1CC-7D6ED1559767}"
EndProject
Project("{FAE04EC0-301F-11D3-BF4B-00C04F79EFBC}") = "Konu09Methotlar", "Konu09Methotlar\Konu09Methotlar.csproj", "{E66158D0-DA79-4D38-B6CB-61AD7B5C45EF}"
EndProject
Global
	GlobalSection(SolutionConfigurationPlatforms) = preSolution
		Debug|Any CPU = Debug|Any CPU
		Release|Any CPU = Release|Any CPU
	EndGlobalSection
	GlobalSection(ProjectConfigurationPlatforms) = postSolution
		{D39A2C82-C079-4421-9693-C3267A7668ED}.Debug|Any CPU.ActiveCfg = Debug|Any CPU
		{D39A2C82-C079-4421-9693-C3267A7668ED}.Debug|Any CPU.Build.0 = Debug|Any CPU
		{D39A2C82-C079-4421-9693-C3267A7668ED}.Release|Any CPU.ActiveCfg = Release|Any CPU
		{D39A2C82-C079-4421-9693-C3267A7668ED}.Release|Any CPU.Build.0 = Release|Any CPU
		{067012C3-4A14-4866-9280-B5BB01456A2E}.Debug|Any CPU.ActiveCfg = Debug|Any CPU
		{067012C3-4A14-4866-9280-B5BB01456A2E}.Debug|Any CPU.Build.0 = Debug|Any CPU
		{067012C3-4A14-4866-9280-B5BB01456A2E}.Release|Any CPU.ActiveCfg = Release|Any CPU
		{067012C3-4A14-4866-9280-B5BB01456A2E}.Release|Any CPU.Build.0 = Release|Any CPU
		{694267BF-8A11-47A3-8815-1EF99065EA7C}.Debug|Any CPU.ActiveCfg = Debug|Any CPU
		{694267BF-8A11-47A3-8815-1EF99065EA7C}.Debug|Any CPU.Build.0 = Debug|Any CPU
		{694267BF-8A11-47A3-8815-1EF99065EA7C}.Release|Any CPU.ActiveCfg = Release|Any CPU
		{694267BF-8A11-47A3-8815-1EF99065EA7C}.Release|Any CPU.Build.0 = Release|Any CPU
		{642C8DCF-D6AC-4B1B-A851-ECC3545D8E36}.Debug|Any CPU.ActiveCfg = Debug|Any CPU
		{642C8DCF-D6AC-4B1B-A851-ECC3545D8E36}.Debug|Any CPU.Build.0 = Debug|Any CPU
		{642C8DCF-D6AC-4B1B-A851-ECC3545D8E36}.Release|Any CPU.ActiveCfg = Release|Any CPU
		{642C8DCF-D6AC-4B1B-A851-ECC3545D8E36}.Release|Any CPU.Build.0 = Release|Any CPU
		{9C45A8D9-0094-45EA-BAF0-BA2A3E709B68}.Debug|Any CPU.ActiveCfg = Debug|Any CPU
		{9C45A8D9-0094-45EA-BAF0-BA2A3E709B68}.Debug|Any CPU.Build.0 = Debug|Any CPU
		{9C45A8D9-0094-45EA-BAF0-BA2A3E709B68}.Release|Any CPU.ActiveCfg = Release|Any CPU
		{9C45A8D9-0094-45EA-BAF0-BA2A3E709B68}.Release|Any CPU.Build.0 = Release|Any CPU
		{0705ADB1-DCAE-4C35-A1CC-7D6ED1559767}.Debug|Any CPU.ActiveCfg = Debug|Any CPU
		{0705ADB1-DCAE-4C35-A1CC-7D6ED1559767}.Debug|Any CPU.Build.0 = Debug|Any CPU
		{0705ADB1-DCAE-4C35-A1CC-7D6ED1559767}.Release|Any CPU.ActiveCfg = Release|Any CPU
		{0705ADB1-DCAE-4C35-A1CC-7D6ED1559767}.Release|Any CPU.Build.0 = Release|Any CPU
		{E66158D0-DA79-4D38-B6CB-61AD7B5C45EF}.Debug|Any CPU.ActiveCfg = Debug|Any CPU
		{E66158D0-DA79-4D38-B6CB-61AD7B5C45EF}.Debug|Any CPU.Build.0 = Debug|Any CPU
		{E66158D0-DA79-4D38-B6CB-61AD7B5C45EF}.Release|Any CPU.ActiveCfg = Release|Any CPU
		{E66158D0-DA79-4D38-B6CB-61AD7B5C45EF}.Release|Any CPU.Build.0 = Release|Any CPU
	EndGlobalSection
	GlobalSection(SolutionProperties) = preSolution
		HideSolutionNode = FALSE
	EndGlobalSection
	GlobalSection(ExtensibilityGlobals) = postSolution
		SolutionGuid = {E716B6F2-535E-40D1-81BB-804476F10C15}
	EndGlobalSection
EndGlobal
